
Microsoft Visual Studio Solution File, Format Version 12.00
# Visual Studio Version 16
VisualStudioVersion = 16.0.30330.147
MinimumVisualStudioVersion = 10.0.40219.1
Project("{9A19103F-16F7-4668-BE54-9A1E7A4F7556}") = "TestRun", "TestRun\TestRun.csproj", "{1EE8FFD4-976D-423C-A336-22C54120B505}"
EndProject
Global
	GlobalSection(SolutionConfigurationPlatforms) = preSolution
		Debug|Any CPU = Debug|Any CPU
		Release|Any CPU = Release|Any CPU
	EndGlobalSection
	GlobalSection(ProjectConfigurationPlatforms) = postSolution
		{1EE8FFD4-976D-423C-A336-22C54120B505}.Debug|Any CPU.ActiveCfg = Debug|Any CPU
		{1EE8FFD4-976D-423C-A336-22C54120B505}.Debug|Any CPU.Build.0 = Debug|Any CPU
		{1EE8FFD4-976D-423C-A336-22C54120B505}.Release|Any CPU.ActiveCfg = Release|Any CPU
		{1EE8FFD4-976D-423C-A336-22C54120B505}.Release|Any CPU.Build.0 = Release|Any CPU
	EndGlobalSection
	GlobalSection(SolutionProperties) = preSolution
		HideSolutionNode = FALSE
	EndGlobalSection
	GlobalSection(ExtensibilityGlobals) = postSolution
		SolutionGuid = {319DC9D4-AC7A-4B43-ACE9-C14ED5012025}
	EndGlobalSection
EndGlobal
